
Microsoft Visual Studio Solution File, Format Version 12.00
# Visual Studio 15
VisualStudioVersion = 15.0.27130.2003
MinimumVisualStudioVersion = 10.0.40219.1
Project("{FAE04EC0-301F-11D3-BF4B-00C04F79EFBC}") = "spblockchain-litecoin-subscriber", "spblockchain-litecoin-subscriber\spblockchain-litecoin-subscriber.csproj", "{B0297B19-433B-4B51-8B5D-D3AA70891334}"
EndProject
Global
	GlobalSection(SolutionConfigurationPlatforms) = preSolution
		Debug|Any CPU = Debug|Any CPU
		Release|Any CPU = Release|Any CPU
	EndGlobalSection
	GlobalSection(ProjectConfigurationPlatforms) = postSolution
		{B0297B19-433B-4B51-8B5D-D3AA70891334}.Debug|Any CPU.ActiveCfg = Debug|Any CPU
		{B0297B19-433B-4B51-8B5D-D3AA70891334}.Debug|Any CPU.Build.0 = Debug|Any CPU
		{B0297B19-433B-4B51-8B5D-D3AA70891334}.Release|Any CPU.ActiveCfg = Release|Any CPU
		{B0297B19-433B-4B51-8B5D-D3AA70891334}.Release|Any CPU.Build.0 = Release|Any CPU
	EndGlobalSection
	GlobalSection(SolutionProperties) = preSolution
		HideSolutionNode = FALSE
	EndGlobalSection
	GlobalSection(ExtensibilityGlobals) = postSolution
		SolutionGuid = {DA786AA6-EA3B-471D-A2C3-A7C380CF8FF6}
	EndGlobalSection
EndGlobal
